
Microsoft Visual Studio Solution File, Format Version 12.00
# Visual Studio 2013
VisualStudioVersion = 12.0.21005.1
MinimumVisualStudioVersion = 10.0.40219.1
Project("{FAE04EC0-301F-11D3-BF4B-00C04F79EFBC}") = "HackerNewsDownloader", "HackerNewsDownloader.csproj", "{162C0E0F-0BF9-471F-B240-73D2E1953313}"
EndProject
Project("{FAE04EC0-301F-11D3-BF4B-00C04F79EFBC}") = "CommonUtils", "External\DotNetCommonUtils\CommonUtils\CommonUtils.csproj", "{D60B2856-0341-4481-AFDD-DE70532B6884}"
EndProject
Global
	GlobalSection(SolutionConfigurationPlatforms) = preSolution
		Debug|Any CPU = Debug|Any CPU
		Release|Any CPU = Release|Any CPU
	EndGlobalSection
	GlobalSection(ProjectConfigurationPlatforms) = postSolution
		{162C0E0F-0BF9-471F-B240-73D2E1953313}.Debug|Any CPU.ActiveCfg = Debug|Any CPU
		{162C0E0F-0BF9-471F-B240-73D2E1953313}.Debug|Any CPU.Build.0 = Debug|Any CPU
		{162C0E0F-0BF9-471F-B240-73D2E1953313}.Release|Any CPU.ActiveCfg = Release|Any CPU
		{162C0E0F-0BF9-471F-B240-73D2E1953313}.Release|Any CPU.Build.0 = Release|Any CPU
		{D60B2856-0341-4481-AFDD-DE70532B6884}.Debug|Any CPU.ActiveCfg = Debug|Any CPU
		{D60B2856-0341-4481-AFDD-DE70532B6884}.Debug|Any CPU.Build.0 = Debug|Any CPU
		{D60B2856-0341-4481-AFDD-DE70532B6884}.Release|Any CPU.ActiveCfg = Release|Any CPU
		{D60B2856-0341-4481-AFDD-DE70532B6884}.Release|Any CPU.Build.0 = Release|Any CPU
	EndGlobalSection
	GlobalSection(SolutionProperties) = preSolution
		HideSolutionNode = FALSE
	EndGlobalSection
EndGlobal
